// !$*UTF8*$!
{
	archiveVersion = 1;
	classes = {
	};
	objectVersion = 51;
	objects = {

/* Begin PBXBuildFile section */
		1BB35E87225CDD7826CDA7C1 /* Pods_ParstagramTests.framework in Frameworks */ = {isa = PBXBuildFile; fileRef = 1C4DCBADE58E3E6EF0BD0135 /* Pods_ParstagramTests.framework */; };
		8D20D16ECD1C820895148017 /* Pods_Parstagram_ParstagramUITests.framework in Frameworks */ = {isa = PBXBuildFile; fileRef = 6F3A6F1C15AFC46A2B6941DB /* Pods_Parstagram_ParstagramUITests.framework */; };
		90A079F12406E9710052BE34 /* Pods_Parstagram.framework in Frameworks */ = {isa = PBXBuildFile; fileRef = C950518C54FD0190B3A80066 /* Pods_Parstagram.framework */; };
		90A079F22406E9710052BE34 /* Pods_Parstagram.framework in Embed Frameworks */ = {isa = PBXBuildFile; fileRef = C950518C54FD0190B3A80066 /* Pods_Parstagram.framework */; settings = {ATTRIBUTES = (CodeSignOnCopy, RemoveHeadersOnCopy, ); }; };
		90A079FD240CBA470052BE34 /* CommentsVC.swift in Sources */ = {isa = PBXBuildFile; fileRef = 90A079FC240CBA470052BE34 /* CommentsVC.swift */; };
		90FDE2EC2403612300F03B45 /* AppDelegate.swift in Sources */ = {isa = PBXBuildFile; fileRef = 90FDE2EB2403612300F03B45 /* AppDelegate.swift */; };
		90FDE2EE2403612300F03B45 /* SceneDelegate.swift in Sources */ = {isa = PBXBuildFile; fileRef = 90FDE2ED2403612300F03B45 /* SceneDelegate.swift */; };
		90FDE2F32403612300F03B45 /* Main.storyboard in Resources */ = {isa = PBXBuildFile; fileRef = 90FDE2F12403612300F03B45 /* Main.storyboard */; };
		90FDE2F52403612600F03B45 /* Assets.xcassets in Resources */ = {isa = PBXBuildFile; fileRef = 90FDE2F42403612600F03B45 /* Assets.xcassets */; };
		90FDE2F82403612600F03B45 /* LaunchScreen.storyboard in Resources */ = {isa = PBXBuildFile; fileRef = 90FDE2F62403612600F03B45 /* LaunchScreen.storyboard */; };
		90FDE3032403612600F03B45 /* ParstagramTests.swift in Sources */ = {isa = PBXBuildFile; fileRef = 90FDE3022403612600F03B45 /* ParstagramTests.swift */; };
		90FDE30E2403612600F03B45 /* ParstagramUITests.swift in Sources */ = {isa = PBXBuildFile; fileRef = 90FDE30D2403612600F03B45 /* ParstagramUITests.swift */; };
		90FDE31D24036B4F00F03B45 /* LoginVC.swift in Sources */ = {isa = PBXBuildFile; fileRef = 90FDE31C24036B4F00F03B45 /* LoginVC.swift */; };
		90FDE31F24036B6600F03B45 /* FeedVC.swift in Sources */ = {isa = PBXBuildFile; fileRef = 90FDE31E24036B6600F03B45 /* FeedVC.swift */; };
		90FDE3212403739F00F03B45 /* CameraVC.swift in Sources */ = {isa = PBXBuildFile; fileRef = 90FDE3202403739F00F03B45 /* CameraVC.swift */; };
		90FDE32324037EF200F03B45 /* CellVC.swift in Sources */ = {isa = PBXBuildFile; fileRef = 90FDE32224037EF200F03B45 /* CellVC.swift */; };
/* End PBXBuildFile section */

/* Begin PBXContainerItemProxy section */
		90FDE2FF2403612600F03B45 /* PBXContainerItemProxy */ = {
			isa = PBXContainerItemProxy;
			containerPortal = 90FDE2E02403612300F03B45 /* Project object */;
			proxyType = 1;
			remoteGlobalIDString = 90FDE2E72403612300F03B45;
			remoteInfo = Parstagram;
		};
		90FDE30A2403612600F03B45 /* PBXContainerItemProxy */ = {
			isa = PBXContainerItemProxy;
			containerPortal = 90FDE2E02403612300F03B45 /* Project object */;
			proxyType = 1;
			remoteGlobalIDString = 90FDE2E72403612300F03B45;
			remoteInfo = Parstagram;
		};
/* End PBXContainerItemProxy section */

/* Begin PBXCopyFilesBuildPhase section */
		90A079ED2406E91B0052BE34 /* Embed Frameworks */ = {
			isa = PBXCopyFilesBuildPhase;
			buildActionMask = 2147483647;
			dstPath = "";
			dstSubfolderSpec = 10;
			files = (
				90A079F22406E9710052BE34 /* Pods_Parstagram.framework in Embed Frameworks */,
			);
			name = "Embed Frameworks";
			runOnlyForDeploymentPostprocessing = 0;
		};
/* End PBXCopyFilesBuildPhase section */

/* Begin PBXFileReference section */
		16BB6206CEBA7BEBA34BB1E1 /* Pods-Parstagram-ParstagramUITests.debug.xcconfig */ = {isa = PBXFileReference; includeInIndex = 1; lastKnownFileType = text.xcconfig; name = "Pods-Parstagram-ParstagramUITests.debug.xcconfig"; path = "Target Support Files/Pods-Parstagram-ParstagramUITests/Pods-Parstagram-ParstagramUITests.debug.xcconfig"; sourceTree = "<group>"; };
		1A73DD570A789D91EDB46129 /* Pods-Parstagram.debug.xcconfig */ = {isa = PBXFileReference; includeInIndex = 1; lastKnownFileType = text.xcconfig; name = "Pods-Parstagram.debug.xcconfig"; path = "Target Support Files/Pods-Parstagram/Pods-Parstagram.debug.xcconfig"; sourceTree = "<group>"; };
		1C4DCBADE58E3E6EF0BD0135 /* Pods_ParstagramTests.framework */ = {isa = PBXFileReference; explicitFileType = wrapper.framework; includeInIndex = 0; path = Pods_ParstagramTests.framework; sourceTree = BUILT_PRODUCTS_DIR; };
		6F3A6F1C15AFC46A2B6941DB /* Pods_Parstagram_ParstagramUITests.framework */ = {isa = PBXFileReference; explicitFileType = wrapper.framework; includeInIndex = 0; path = Pods_Parstagram_ParstagramUITests.framework; sourceTree = BUILT_PRODUCTS_DIR; };
		73EE098C511F64900FBFF0FF /* Pods-Parstagram.release.xcconfig */ = {isa = PBXFileReference; includeInIndex = 1; lastKnownFileType = text.xcconfig; name = "Pods-Parstagram.release.xcconfig"; path = "Target Support Files/Pods-Parstagram/Pods-Parstagram.release.xcconfig"; sourceTree = "<group>"; };
		89D850FB77E754056887D00B /* Pods-Parstagram-ParstagramUITests.release.xcconfig */ = {isa = PBXFileReference; includeInIndex = 1; lastKnownFileType = text.xcconfig; name = "Pods-Parstagram-ParstagramUITests.release.xcconfig"; path = "Target Support Files/Pods-Parstagram-ParstagramUITests/Pods-Parstagram-ParstagramUITests.release.xcconfig"; sourceTree = "<group>"; };
		90A079DD2406E8430052BE34 /* Alamofire.framework */ = {isa = PBXFileReference; explicitFileType = wrapper.framework; path = Alamofire.framework; sourceTree = BUILT_PRODUCTS_DIR; };
		90A079E02406E8480052BE34 /* AlamofireImage.framework */ = {isa = PBXFileReference; explicitFileType = wrapper.framework; path = AlamofireImage.framework; sourceTree = BUILT_PRODUCTS_DIR; };
		90A079E32406E8690052BE34 /* Bolts.framework */ = {isa = PBXFileReference; explicitFileType = wrapper.framework; path = Bolts.framework; sourceTree = BUILT_PRODUCTS_DIR; };
		90A079E62406E86E0052BE34 /* Parse.framework */ = {isa = PBXFileReference; explicitFileType = wrapper.framework; path = Parse.framework; sourceTree = BUILT_PRODUCTS_DIR; };
		90A079EE2406E9510052BE34 /* Alamofire.framework */ = {isa = PBXFileReference; explicitFileType = wrapper.framework; path = Alamofire.framework; sourceTree = BUILT_PRODUCTS_DIR; };
		90A079FC240CBA470052BE34 /* CommentsVC.swift */ = {isa = PBXFileReference; lastKnownFileType = sourcecode.swift; path = CommentsVC.swift; sourceTree = "<group>"; };
		90FDE2E82403612300F03B45 /* Parstagram.app */ = {isa = PBXFileReference; explicitFileType = wrapper.application; includeInIndex = 0; path = Parstagram.app; sourceTree = BUILT_PRODUCTS_DIR; };
		90FDE2EB2403612300F03B45 /* AppDelegate.swift */ = {isa = PBXFileReference; lastKnownFileType = sourcecode.swift; path = AppDelegate.swift; sourceTree = "<group>"; };
		90FDE2ED2403612300F03B45 /* SceneDelegate.swift */ = {isa = PBXFileReference; lastKnownFileType = sourcecode.swift; path = SceneDelegate.swift; sourceTree = "<group>"; };
		90FDE2F22403612300F03B45 /* Base */ = {isa = PBXFileReference; lastKnownFileType = file.storyboard; name = Base; path = Base.lproj/Main.storyboard; sourceTree = "<group>"; };
		90FDE2F42403612600F03B45 /* Assets.xcassets */ = {isa = PBXFileReference; lastKnownFileType = folder.assetcatalog; path = Assets.xcassets; sourceTree = "<group>"; };
		90FDE2F72403612600F03B45 /* Base */ = {isa = PBXFileReference; lastKnownFileType = file.storyboard; name = Base; path = Base.lproj/LaunchScreen.storyboard; sourceTree = "<group>"; };
		90FDE2F92403612600F03B45 /* Info.plist */ = {isa = PBXFileReference; lastKnownFileType = text.plist.xml; path = Info.plist; sourceTree = "<group>"; };
		90FDE2FE2403612600F03B45 /* ParstagramTests.xctest */ = {isa = PBXFileReference; explicitFileType = wrapper.cfbundle; includeInIndex = 0; path = ParstagramTests.xctest; sourceTree = BUILT_PRODUCTS_DIR; };
		90FDE3022403612600F03B45 /* ParstagramTests.swift */ = {isa = PBXFileReference; lastKnownFileType = sourcecode.swift; path = ParstagramTests.swift; sourceTree = "<group>"; };
		90FDE3042403612600F03B45 /* Info.plist */ = {isa = PBXFileReference; lastKnownFileType = text.plist.xml; path = Info.plist; sourceTree = "<group>"; };
		90FDE3092403612600F03B45 /* ParstagramUITests.xctest */ = {isa = PBXFileReference; explicitFileType = wrapper.cfbundle; includeInIndex = 0; path = ParstagramUITests.xctest; sourceTree = BUILT_PRODUCTS_DIR; };
		90FDE30D2403612600F03B45 /* ParstagramUITests.swift */ = {isa = PBXFileReference; lastKnownFileType = sourcecode.swift; path = ParstagramUITests.swift; sourceTree = "<group>"; };
		90FDE30F2403612600F03B45 /* Info.plist */ = {isa = PBXFileReference; lastKnownFileType = text.plist.xml; path = Info.plist; sourceTree = "<group>"; };
		90FDE31C24036B4F00F03B45 /* LoginVC.swift */ = {isa = PBXFileReference; lastKnownFileType = sourcecode.swift; path = LoginVC.swift; sourceTree = "<group>"; };
		90FDE31E24036B6600F03B45 /* FeedVC.swift */ = {isa = PBXFileReference; lastKnownFileType = sourcecode.swift; path = FeedVC.swift; sourceTree = "<group>"; };
		90FDE3202403739F00F03B45 /* CameraVC.swift */ = {isa = PBXFileReference; lastKnownFileType = sourcecode.swift; path = CameraVC.swift; sourceTree = "<group>"; };
		90FDE32224037EF200F03B45 /* CellVC.swift */ = {isa = PBXFileReference; lastKnownFileType = sourcecode.swift; path = CellVC.swift; sourceTree = "<group>"; };
		A40A7F3342742332BA8112B8 /* Pods-ParstagramTests.debug.xcconfig */ = {isa = PBXFileReference; includeInIndex = 1; lastKnownFileType = text.xcconfig; name = "Pods-ParstagramTests.debug.xcconfig"; path = "Target Support Files/Pods-ParstagramTests/Pods-ParstagramTests.debug.xcconfig"; sourceTree = "<group>"; };
		B7265D0C2E3117E5CE4B4322 /* Pods-ParstagramTests.release.xcconfig */ = {isa = PBXFileReference; includeInIndex = 1; lastKnownFileType = text.xcconfig; name = "Pods-ParstagramTests.release.xcconfig"; path = "Target Support Files/Pods-ParstagramTests/Pods-ParstagramTests.release.xcconfig"; sourceTree = "<group>"; };
		C950518C54FD0190B3A80066 /* Pods_Parstagram.framework */ = {isa = PBXFileReference; explicitFileType = wrapper.framework; includeInIndex = 0; path = Pods_Parstagram.framework; sourceTree = BUILT_PRODUCTS_DIR; };
/* End PBXFileReference section */

/* Begin PBXFrameworksBuildPhase section */
		90FDE2E52403612300F03B45 /* Frameworks */ = {
			isa = PBXFrameworksBuildPhase;
			buildActionMask = 2147483647;
			files = (
				90A079F12406E9710052BE34 /* Pods_Parstagram.framework in Frameworks */,
			);
			runOnlyForDeploymentPostprocessing = 0;
		};
		90FDE2FB2403612600F03B45 /* Frameworks */ = {
			isa = PBXFrameworksBuildPhase;
			buildActionMask = 2147483647;
			files = (
				1BB35E87225CDD7826CDA7C1 /* Pods_ParstagramTests.framework in Frameworks */,
			);
			runOnlyForDeploymentPostprocessing = 0;
		};
		90FDE3062403612600F03B45 /* Frameworks */ = {
			isa = PBXFrameworksBuildPhase;
			buildActionMask = 2147483647;
			files = (
				8D20D16ECD1C820895148017 /* Pods_Parstagram_ParstagramUITests.framework in Frameworks */,
			);
			runOnlyForDeploymentPostprocessing = 0;
		};
/* End PBXFrameworksBuildPhase section */

/* Begin PBXGroup section */
		10C5FE4407AF3F5192C8E767 /* Frameworks */ = {
			isa = PBXGroup;
			children = (
				90A079EE2406E9510052BE34 /* Alamofire.framework */,
				90A079E62406E86E0052BE34 /* Parse.framework */,
				90A079E32406E8690052BE34 /* Bolts.framework */,
				90A079E02406E8480052BE34 /* AlamofireImage.framework */,
				90A079DD2406E8430052BE34 /* Alamofire.framework */,
				C950518C54FD0190B3A80066 /* Pods_Parstagram.framework */,
				6F3A6F1C15AFC46A2B6941DB /* Pods_Parstagram_ParstagramUITests.framework */,
				1C4DCBADE58E3E6EF0BD0135 /* Pods_ParstagramTests.framework */,
			);
			name = Frameworks;
			sourceTree = "<group>";
		};
		64F4FA1F8D9605A79728EA57 /* Pods */ = {
			isa = PBXGroup;
			children = (
				1A73DD570A789D91EDB46129 /* Pods-Parstagram.debug.xcconfig */,
				73EE098C511F64900FBFF0FF /* Pods-Parstagram.release.xcconfig */,
				16BB6206CEBA7BEBA34BB1E1 /* Pods-Parstagram-ParstagramUITests.debug.xcconfig */,
				89D850FB77E754056887D00B /* Pods-Parstagram-ParstagramUITests.release.xcconfig */,
				A40A7F3342742332BA8112B8 /* Pods-ParstagramTests.debug.xcconfig */,
				B7265D0C2E3117E5CE4B4322 /* Pods-ParstagramTests.release.xcconfig */,
			);
			path = Pods;
			sourceTree = "<group>";
		};
		90FDE2DF2403612300F03B45 = {
			isa = PBXGroup;
			children = (
				90FDE2EA2403612300F03B45 /* Parstagram */,
				90FDE3012403612600F03B45 /* ParstagramTests */,
				90FDE30C2403612600F03B45 /* ParstagramUITests */,
				90FDE2E92403612300F03B45 /* Products */,
				64F4FA1F8D9605A79728EA57 /* Pods */,
				10C5FE4407AF3F5192C8E767 /* Frameworks */,
			);
			sourceTree = "<group>";
		};
		90FDE2E92403612300F03B45 /* Products */ = {
			isa = PBXGroup;
			children = (
				90FDE2E82403612300F03B45 /* Parstagram.app */,
				90FDE2FE2403612600F03B45 /* ParstagramTests.xctest */,
				90FDE3092403612600F03B45 /* ParstagramUITests.xctest */,
			);
			name = Products;
			sourceTree = "<group>";
		};
		90FDE2EA2403612300F03B45 /* Parstagram */ = {
			isa = PBXGroup;
			children = (
				90FDE31B2403613800F03B45 /* ViewControllers */,
				90FDE2EB2403612300F03B45 /* AppDelegate.swift */,
				90FDE2ED2403612300F03B45 /* SceneDelegate.swift */,
				90FDE2F12403612300F03B45 /* Main.storyboard */,
				90FDE2F42403612600F03B45 /* Assets.xcassets */,
				90FDE2F62403612600F03B45 /* LaunchScreen.storyboard */,
				90FDE2F92403612600F03B45 /* Info.plist */,
			);
			path = Parstagram;
			sourceTree = "<group>";
		};
		90FDE3012403612600F03B45 /* ParstagramTests */ = {
			isa = PBXGroup;
			children = (
				90FDE3022403612600F03B45 /* ParstagramTests.swift */,
				90FDE3042403612600F03B45 /* Info.plist */,
			);
			path = ParstagramTests;
			sourceTree = "<group>";
		};
		90FDE30C2403612600F03B45 /* ParstagramUITests */ = {
			isa = PBXGroup;
			children = (
				90FDE30D2403612600F03B45 /* ParstagramUITests.swift */,
				90FDE30F2403612600F03B45 /* Info.plist */,
			);
			path = ParstagramUITests;
			sourceTree = "<group>";
		};
		90FDE31B2403613800F03B45 /* ViewControllers */ = {
			isa = PBXGroup;
			children = (
				90FDE31C24036B4F00F03B45 /* LoginVC.swift */,
				90FDE31E24036B6600F03B45 /* FeedVC.swift */,
				90FDE3202403739F00F03B45 /* CameraVC.swift */,
				90FDE32224037EF200F03B45 /* CellVC.swift */,
				90A079FC240CBA470052BE34 /* CommentsVC.swift */,
			);
			path = ViewControllers;
			sourceTree = "<group>";
		};
/* End PBXGroup section */

/* Begin PBXNativeTarget section */
		90FDE2E72403612300F03B45 /* Parstagram */ = {
			isa = PBXNativeTarget;
			buildConfigurationList = 90FDE3122403612600F03B45 /* Build configuration list for PBXNativeTarget "Parstagram" */;
			buildPhases = (
				D5CEC6111F86DAF1290FC712 /* [CP] Check Pods Manifest.lock */,
				90FDE2E42403612300F03B45 /* Sources */,
				90FDE2E52403612300F03B45 /* Frameworks */,
				90FDE2E62403612300F03B45 /* Resources */,
				10AD4D7A88582DE533BFF7E0 /* [CP] Embed Pods Frameworks */,
				90A079ED2406E91B0052BE34 /* Embed Frameworks */,
			);
			buildRules = (
			);
			dependencies = (
			);
			name = Parstagram;
			productName = Parstagram;
			productReference = 90FDE2E82403612300F03B45 /* Parstagram.app */;
			productType = "com.apple.product-type.application";
		};
		90FDE2FD2403612600F03B45 /* ParstagramTests */ = {
			isa = PBXNativeTarget;
			buildConfigurationList = 90FDE3152403612600F03B45 /* Build configuration list for PBXNativeTarget "ParstagramTests" */;
			buildPhases = (
				BF7D75D1666EEC3D1010CE08 /* [CP] Check Pods Manifest.lock */,
				90FDE2FA2403612600F03B45 /* Sources */,
				90FDE2FB2403612600F03B45 /* Frameworks */,
				90FDE2FC2403612600F03B45 /* Resources */,
			);
			buildRules = (
			);
			dependencies = (
				90FDE3002403612600F03B45 /* PBXTargetDependency */,
			);
			name = ParstagramTests;
			productName = ParstagramTests;
			productReference = 90FDE2FE2403612600F03B45 /* ParstagramTests.xctest */;
			productType = "com.apple.product-type.bundle.unit-test";
		};
		90FDE3082403612600F03B45 /* ParstagramUITests */ = {
			isa = PBXNativeTarget;
			buildConfigurationList = 90FDE3182403612600F03B45 /* Build configuration list for PBXNativeTarget "ParstagramUITests" */;
			buildPhases = (
				838F4FB0515C9AC53B52C59D /* [CP] Check Pods Manifest.lock */,
				90FDE3052403612600F03B45 /* Sources */,
				90FDE3062403612600F03B45 /* Frameworks */,
				90FDE3072403612600F03B45 /* Resources */,
				096F49958F51B4C26D8E5336 /* [CP] Embed Pods Frameworks */,
			);
			buildRules = (
			);
			dependencies = (
				90FDE30B2403612600F03B45 /* PBXTargetDependency */,
			);
			name = ParstagramUITests;
			productName = ParstagramUITests;
			productReference = 90FDE3092403612600F03B45 /* ParstagramUITests.xctest */;
			productType = "com.apple.product-type.bundle.ui-testing";
		};
/* End PBXNativeTarget section */

/* Begin PBXProject section */
		90FDE2E02403612300F03B45 /* Project object */ = {
			isa = PBXProject;
			attributes = {
				LastSwiftUpdateCheck = 1130;
				LastUpgradeCheck = 1130;
				ORGANIZATIONNAME = CodePath;
				TargetAttributes = {
					90FDE2E72403612300F03B45 = {
						CreatedOnToolsVersion = 11.3.1;
					};
					90FDE2FD2403612600F03B45 = {
						CreatedOnToolsVersion = 11.3.1;
						TestTargetID = 90FDE2E72403612300F03B45;
					};
					90FDE3082403612600F03B45 = {
						CreatedOnToolsVersion = 11.3.1;
						TestTargetID = 90FDE2E72403612300F03B45;
					};
				};
			};
			buildConfigurationList = 90FDE2E32403612300F03B45 /* Build configuration list for PBXProject "Parstagram" */;
			compatibilityVersion = "Xcode 9.3";
			developmentRegion = en;
			hasScannedForEncodings = 0;
			knownRegions = (
				en,
				Base,
			);
			mainGroup = 90FDE2DF2403612300F03B45;
			productRefGroup = 90FDE2E92403612300F03B45 /* Products */;
			projectDirPath = "";
			projectRoot = "";
			targets = (
				90FDE2E72403612300F03B45 /* Parstagram */,
				90FDE2FD2403612600F03B45 /* ParstagramTests */,
				90FDE3082403612600F03B45 /* ParstagramUITests */,
			);
		};
/* End PBXProject section */

/* Begin PBXResourcesBuildPhase section */
		90FDE2E62403612300F03B45 /* Resources */ = {
			isa = PBXResourcesBuildPhase;
			buildActionMask = 2147483647;
			files = (
				90FDE2F82403612600F03B45 /* LaunchScreen.storyboard in Resources */,
				90FDE2F52403612600F03B45 /* Assets.xcassets in Resources */,
				90FDE2F32403612300F03B45 /* Main.storyboard in Resources */,
			);
			runOnlyForDeploymentPostprocessing = 0;
		};
		90FDE2FC2403612600F03B45 /* Resources */ = {
			isa = PBXResourcesBuildPhase;
			buildActionMask = 2147483647;
			files = (
			);
			runOnlyForDeploymentPostprocessing = 0;
		};
		90FDE3072403612600F03B45 /* Resources */ = {
			isa = PBXResourcesBuildPhase;
			buildActionMask = 2147483647;
			files = (
			);
			runOnlyForDeploymentPostprocessing = 0;
		};
/* End PBXResourcesBuildPhase section */

/* Begin PBXShellScriptBuildPhase section */
		096F49958F51B4C26D8E5336 /* [CP] Embed Pods Frameworks */ = {
			isa = PBXShellScriptBuildPhase;
			buildActionMask = 2147483647;
			files = (
			);
			inputFileListPaths = (
				"${PODS_ROOT}/Target Support Files/Pods-Parstagram-ParstagramUITests/Pods-Parstagram-ParstagramUITests-frameworks-${CONFIGURATION}-input-files.xcfilelist",
			);
			name = "[CP] Embed Pods Frameworks";
			outputFileListPaths = (
				"${PODS_ROOT}/Target Support Files/Pods-Parstagram-ParstagramUITests/Pods-Parstagram-ParstagramUITests-frameworks-${CONFIGURATION}-output-files.xcfilelist",
			);
			runOnlyForDeploymentPostprocessing = 0;
			shellPath = /bin/sh;
			shellScript = "\"${PODS_ROOT}/Target Support Files/Pods-Parstagram-ParstagramUITests/Pods-Parstagram-ParstagramUITests-frameworks.sh\"\n";
			showEnvVarsInLog = 0;
		};
		10AD4D7A88582DE533BFF7E0 /* [CP] Embed Pods Frameworks */ = {
			isa = PBXShellScriptBuildPhase;
			buildActionMask = 2147483647;
			files = (
			);
			inputFileListPaths = (
				"${PODS_ROOT}/Target Support Files/Pods-Parstagram/Pods-Parstagram-frameworks-${CONFIGURATION}-input-files.xcfilelist",
			);
			name = "[CP] Embed Pods Frameworks";
			outputFileListPaths = (
				"${PODS_ROOT}/Target Support Files/Pods-Parstagram/Pods-Parstagram-frameworks-${CONFIGURATION}-output-files.xcfilelist",
			);
			runOnlyForDeploymentPostprocessing = 0;
			shellPath = /bin/sh;
			shellScript = "\"${PODS_ROOT}/Target Support Files/Pods-Parstagram/Pods-Parstagram-frameworks.sh\"\n";
			showEnvVarsInLog = 0;
		};
		838F4FB0515C9AC53B52C59D /* [CP] Check Pods Manifest.lock */ = {
			isa = PBXShellScriptBuildPhase;
			buildActionMask = 2147483647;
			files = (
			);
			inputFileListPaths = (
			);
			inputPaths = (
				"${PODS_PODFILE_DIR_PATH}/Podfile.lock",
				"${PODS_ROOT}/Manifest.lock",
			);
			name = "[CP] Check Pods Manifest.lock";
			outputFileListPaths = (
			);
			outputPaths = (
				"$(DERIVED_FILE_DIR)/Pods-Parstagram-ParstagramUITests-checkManifestLockResult.txt",
			);
			runOnlyForDeploymentPostprocessing = 0;
			shellPath = /bin/sh;
			shellScript = "diff \"${PODS_PODFILE_DIR_PATH}/Podfile.lock\" \"${PODS_ROOT}/Manifest.lock\" > /dev/null\nif [ $? != 0 ] ; then\n    # print error to STDERR\n    echo \"error: The sandbox is not in sync with the Podfile.lock. Run 'pod install' or update your CocoaPods installation.\" >&2\n    exit 1\nfi\n# This output is used by Xcode 'outputs' to avoid re-running this script phase.\necho \"SUCCESS\" > \"${SCRIPT_OUTPUT_FILE_0}\"\n";
			showEnvVarsInLog = 0;
		};
		BF7D75D1666EEC3D1010CE08 /* [CP] Check Pods Manifest.lock */ = {
			isa = PBXShellScriptBuildPhase;
			buildActionMask = 2147483647;
			files = (
			);
			inputFileListPaths = (
			);
			inputPaths = (
				"${PODS_PODFILE_DIR_PATH}/Podfile.lock",
				"${PODS_ROOT}/Manifest.lock",
			);
			name = "[CP] Check Pods Manifest.lock";
			outputFileListPaths = (
			);
			outputPaths = (
				"$(DERIVED_FILE_DIR)/Pods-ParstagramTests-checkManifestLockResult.txt",
			);
			runOnlyForDeploymentPostprocessing = 0;
			shellPath = /bin/sh;
			shellScript = "diff \"${PODS_PODFILE_DIR_PATH}/Podfile.lock\" \"${PODS_ROOT}/Manifest.lock\" > /dev/null\nif [ $? != 0 ] ; then\n    # print error to STDERR\n    echo \"error: The sandbox is not in sync with the Podfile.lock. Run 'pod install' or update your CocoaPods installation.\" >&2\n    exit 1\nfi\n# This output is used by Xcode 'outputs' to avoid re-running this script phase.\necho \"SUCCESS\" > \"${SCRIPT_OUTPUT_FILE_0}\"\n";
			showEnvVarsInLog = 0;
		};
		D5CEC6111F86DAF1290FC712 /* [CP] Check Pods Manifest.lock */ = {
			isa = PBXShellScriptBuildPhase;
			buildActionMask = 2147483647;
			files = (
			);
			inputFileListPaths = (
			);
			inputPaths = (
				"${PODS_PODFILE_DIR_PATH}/Podfile.lock",
				"${PODS_ROOT}/Manifest.lock",
			);
			name = "[CP] Check Pods Manifest.lock";
			outputFileListPaths = (
			);
			outputPaths = (
				"$(DERIVED_FILE_DIR)/Pods-Parstagram-checkManifestLockResult.txt",
			);
			runOnlyForDeploymentPostprocessing = 0;
			shellPath = /bin/sh;
			shellScript = "diff \"${PODS_PODFILE_DIR_PATH}/Podfile.lock\" \"${PODS_ROOT}/Manifest.lock\" > /dev/null\nif [ $? != 0 ] ; then\n    # print error to STDERR\n    echo \"error: The sandbox is not in sync with the Podfile.lock. Run 'pod install' or update your CocoaPods installation.\" >&2\n    exit 1\nfi\n# This output is used by Xcode 'outputs' to avoid re-running this script phase.\necho \"SUCCESS\" > \"${SCRIPT_OUTPUT_FILE_0}\"\n";
			showEnvVarsInLog = 0;
		};
/* End PBXShellScriptBuildPhase section */

/* Begin PBXSourcesBuildPhase section */
		90FDE2E42403612300F03B45 /* Sources */ = {
			isa = PBXSourcesBuildPhase;
			buildActionMask = 2147483647;
			files = (
				90FDE31F24036B6600F03B45 /* FeedVC.swift in Sources */,
				90FDE2EC2403612300F03B45 /* AppDelegate.swift in Sources */,
				90FDE32324037EF200F03B45 /* CellVC.swift in Sources */,
				90FDE3212403739F00F03B45 /* CameraVC.swift in Sources */,
				90FDE2EE2403612300F03B45 /* SceneDelegate.swift in Sources */,
				90A079FD240CBA470052BE34 /* CommentsVC.swift in Sources */,
				90FDE31D24036B4F00F03B45 /* LoginVC.swift in Sources */,
			);
			runOnlyForDeploymentPostprocessing = 0;
		};
		90FDE2FA2403612600F03B45 /* Sources */ = {
			isa = PBXSourcesBuildPhase;
			buildActionMask = 2147483647;
			files = (
				90FDE3032403612600F03B45 /* ParstagramTests.swift in Sources */,
			);
			runOnlyForDeploymentPostprocessing = 0;
		};
		90FDE3052403612600F03B45 /* Sources */ = {
			isa = PBXSourcesBuildPhase;
			buildActionMask = 2147483647;
			files = (
				90FDE30E2403612600F03B45 /* ParstagramUITests.swift in Sources */,
			);
			runOnlyForDeploymentPostprocessing = 0;
		};
/* End PBXSourcesBuildPhase section */

/* Begin PBXTargetDependency section */
		90FDE3002403612600F03B45 /* PBXTargetDependency */ = {
			isa = PBXTargetDependency;
			target = 90FDE2E72403612300F03B45 /* Parstagram */;
			targetProxy = 90FDE2FF2403612600F03B45 /* PBXContainerItemProxy */;
		};
		90FDE30B2403612600F03B45 /* PBXTargetDependency */ = {
			isa = PBXTargetDependency;
			target = 90FDE2E72403612300F03B45 /* Parstagram */;
			targetProxy = 90FDE30A2403612600F03B45 /* PBXContainerItemProxy */;
		};
/* End PBXTargetDependency section */

/* Begin PBXVariantGroup section */
		90FDE2F12403612300F03B45 /* Main.storyboard */ = {
			isa = PBXVariantGroup;
			children = (
				90FDE2F22403612300F03B45 /* Base */,
			);
			name = Main.storyboard;
			sourceTree = "<group>";
		};
		90FDE2F62403612600F03B45 /* LaunchScreen.storyboard */ = {
			isa = PBXVariantGroup;
			children = (
				90FDE2F72403612600F03B45 /* Base */,
			);
			name = LaunchScreen.storyboard;
			sourceTree = "<group>";
		};
/* End PBXVariantGroup section */

/* Begin XCBuildConfiguration section */
		90FDE3102403612600F03B45 /* Debug */ = {
			isa = XCBuildConfiguration;
			buildSettings = {
				ALWAYS_SEARCH_USER_PATHS = NO;
				CLANG_ANALYZER_NONNULL = YES;
				CLANG_ANALYZER_NUMBER_OBJECT_CONVERSION = YES_AGGRESSIVE;
				CLANG_CXX_LANGUAGE_STANDARD = "gnu++14";
				CLANG_CXX_LIBRARY = "libc++";
				CLANG_ENABLE_MODULES = YES;
				CLANG_ENABLE_OBJC_ARC = YES;
				CLANG_ENABLE_OBJC_WEAK = YES;
				CLANG_WARN_BLOCK_CAPTURE_AUTORELEASING = YES;
				CLANG_WARN_BOOL_CONVERSION = YES;
				CLANG_WARN_COMMA = YES;
				CLANG_WARN_CONSTANT_CONVERSION = YES;
				CLANG_WARN_DEPRECATED_OBJC_IMPLEMENTATIONS = YES;
				CLANG_WARN_DIRECT_OBJC_ISA_USAGE = YES_ERROR;
				CLANG_WARN_DOCUMENTATION_COMMENTS = YES;
				CLANG_WARN_EMPTY_BODY = YES;
				CLANG_WARN_ENUM_CONVERSION = YES;
				CLANG_WARN_INFINITE_RECURSION = YES;
				CLANG_WARN_INT_CONVERSION = YES;
				CLANG_WARN_NON_LITERAL_NULL_CONVERSION = YES;
				CLANG_WARN_OBJC_IMPLICIT_RETAIN_SELF = YES;
				CLANG_WARN_OBJC_LITERAL_CONVERSION = YES;
				CLANG_WARN_OBJC_ROOT_CLASS = YES_ERROR;
				CLANG_WARN_RANGE_LOOP_ANALYSIS = YES;
				CLANG_WARN_STRICT_PROTOTYPES = YES;
				CLANG_WARN_SUSPICIOUS_MOVE = YES;
				CLANG_WARN_UNGUARDED_AVAILABILITY = YES_AGGRESSIVE;
				CLANG_WARN_UNREACHABLE_CODE = YES;
				CLANG_WARN__DUPLICATE_METHOD_MATCH = YES;
				COPY_PHASE_STRIP = NO;
				DEBUG_INFORMATION_FORMAT = dwarf;
				ENABLE_STRICT_OBJC_MSGSEND = YES;
				ENABLE_TESTABILITY = YES;
				GCC_C_LANGUAGE_STANDARD = gnu11;
				GCC_DYNAMIC_NO_PIC = NO;
				GCC_NO_COMMON_BLOCKS = YES;
				GCC_OPTIMIZATION_LEVEL = 0;
				GCC_PREPROCESSOR_DEFINITIONS = (
					"DEBUG=1",
					"$(inherited)",
				);
				GCC_WARN_64_TO_32_BIT_CONVERSION = YES;
				GCC_WARN_ABOUT_RETURN_TYPE = YES_ERROR;
				GCC_WARN_UNDECLARED_SELECTOR = YES;
				GCC_WARN_UNINITIALIZED_AUTOS = YES_AGGRESSIVE;
				GCC_WARN_UNUSED_FUNCTION = YES;
				GCC_WARN_UNUSED_VARIABLE = YES;
				IPHONEOS_DEPLOYMENT_TARGET = 13.2;
				MTL_ENABLE_DEBUG_INFO = INCLUDE_SOURCE;
				MTL_FAST_MATH = YES;
				ONLY_ACTIVE_ARCH = YES;
				SDKROOT = iphoneos;
				SWIFT_ACTIVE_COMPILATION_CONDITIONS = DEBUG;
				SWIFT_OPTIMIZATION_LEVEL = "-Onone";
			};
			name = Debug;
		};
		90FDE3112403612600F03B45 /* Release */ = {
			isa = XCBuildConfiguration;
			buildSettings = {
				ALWAYS_SEARCH_USER_PATHS = NO;
				CLANG_ANALYZER_NONNULL = YES;
				CLANG_ANALYZER_NUMBER_OBJECT_CONVERSION = YES_AGGRESSIVE;
				CLANG_CXX_LANGUAGE_STANDARD = "gnu++14";
				CLANG_CXX_LIBRARY = "libc++";
				CLANG_ENABLE_MODULES = YES;
				CLANG_ENABLE_OBJC_ARC = YES;
				CLANG_ENABLE_OBJC_WEAK = YES;
				CLANG_WARN_BLOCK_CAPTURE_AUTORELEASING = YES;
				CLANG_WARN_BOOL_CONVERSION = YES;
				CLANG_WARN_COMMA = YES;
				CLANG_WARN_CONSTANT_CONVERSION = YES;
				CLANG_WARN_DEPRECATED_OBJC_IMPLEMENTATIONS = YES;
				CLANG_WARN_DIRECT_OBJC_ISA_USAGE = YES_ERROR;
				CLANG_WARN_DOCUMENTATION_COMMENTS = YES;
				CLANG_WARN_EMPTY_BODY = YES;
				CLANG_WARN_ENUM_CONVERSION = YES;
				CLANG_WARN_INFINITE_RECURSION = YES;
				CLANG_WARN_INT_CONVERSION = YES;
				CLANG_WARN_NON_LITERAL_NULL_CONVERSION = YES;
				CLANG_WARN_OBJC_IMPLICIT_RETAIN_SELF = YES;
				CLANG_WARN_OBJC_LITERAL_CONVERSION = YES;
				CLANG_WARN_OBJC_ROOT_CLASS = YES_ERROR;
				CLANG_WARN_RANGE_LOOP_ANALYSIS = YES;
				CLANG_WARN_STRICT_PROTOTYPES = YES;
				CLANG_WARN_SUSPICIOUS_MOVE = YES;
				CLANG_WARN_UNGUARDED_AVAILABILITY = YES_AGGRESSIVE;
				CLANG_WARN_UNREACHABLE_CODE = YES;
				CLANG_WARN__DUPLICATE_METHOD_MATCH = YES;
				COPY_PHASE_STRIP = NO;
				DEBUG_INFORMATION_FORMAT = "dwarf-with-dsym";
				ENABLE_NS_ASSERTIONS = NO;
				ENABLE_STRICT_OBJC_MSGSEND = YES;
				GCC_C_LANGUAGE_STANDARD = gnu11;
				GCC_NO_COMMON_BLOCKS = YES;
				GCC_WARN_64_TO_32_BIT_CONVERSION = YES;
				GCC_WARN_ABOUT_RETURN_TYPE = YES_ERROR;
				GCC_WARN_UNDECLARED_SELECTOR = YES;
				GCC_WARN_UNINITIALIZED_AUTOS = YES_AGGRESSIVE;
				GCC_WARN_UNUSED_FUNCTION = YES;
				GCC_WARN_UNUSED_VARIABLE = YES;
				IPHONEOS_DEPLOYMENT_TARGET = 13.2;
				MTL_ENABLE_DEBUG_INFO = NO;
				MTL_FAST_MATH = YES;
				SDKROOT = iphoneos;
				SWIFT_COMPILATION_MODE = wholemodule;
				SWIFT_OPTIMIZATION_LEVEL = "-O";
				VALIDATE_PRODUCT = YES;
			};
			name = Release;
		};
		90FDE3132403612600F03B45 /* Debug */ = {
			isa = XCBuildConfiguration;
			baseConfigurationReference = 1A73DD570A789D91EDB46129 /* Pods-Parstagram.debug.xcconfig */;
			buildSettings = {
				CODE_SIGN_STYLE = Automatic;
				DEVELOPMENT_TEAM = 34ZF7PZU7N;
				INFOPLIST_FILE = Parstagram/Info.plist;
				IPHONEOS_DEPLOYMENT_TARGET = 13.2;
				LD_RUNPATH_SEARCH_PATHS = (
					"$(inherited)",
					"@executable_path/Frameworks",
				);
				PRODUCT_BUNDLE_IDENTIFIER = com.CodePath.Parstagram1;
				PRODUCT_NAME = "$(TARGET_NAME)";
				SWIFT_VERSION = 5.0;
				TARGETED_DEVICE_FAMILY = 1;
			};
			name = Debug;
		};
		90FDE3142403612600F03B45 /* Release */ = {
			isa = XCBuildConfiguration;
			baseConfigurationReference = 73EE098C511F64900FBFF0FF /* Pods-Parstagram.release.xcconfig */;
			buildSettings = {
				CODE_SIGN_STYLE = Automatic;
				DEVELOPMENT_TEAM = 34ZF7PZU7N;
				INFOPLIST_FILE = Parstagram/Info.plist;
				IPHONEOS_DEPLOYMENT_TARGET = 13.2;
				LD_RUNPATH_SEARCH_PATHS = (
					"$(inherited)",
					"@executable_path/Frameworks",
				);
				PRODUCT_BUNDLE_IDENTIFIER = com.CodePath.Parstagram1;
				PRODUCT_NAME = "$(TARGET_NAME)";
				SWIFT_VERSION = 5.0;
				TARGETED_DEVICE_FAMILY = 1;
			};
			name = Release;
		};
		90FDE3162403612600F03B45 /* Debug */ = {
			isa = XCBuildConfiguration;
			baseConfigurationReference = A40A7F3342742332BA8112B8 /* Pods-ParstagramTests.debug.xcconfig */;
			buildSettings = {
				ALWAYS_EMBED_SWIFT_STANDARD_LIBRARIES = YES;
				BUNDLE_LOADER = "$(TEST_HOST)";
				CODE_SIGN_STYLE = Automatic;
				DEVELOPMENT_TEAM = 34ZF7PZU7N;
				INFOPLIST_FILE = ParstagramTests/Info.plist;
				IPHONEOS_DEPLOYMENT_TARGET = 13.2;
				LD_RUNPATH_SEARCH_PATHS = (
					"$(inherited)",
					"@executable_path/Frameworks",
					"@loader_path/Frameworks",
				);
				PRODUCT_BUNDLE_IDENTIFIER = com.CodePath.ParstagramTests;
				PRODUCT_NAME = "$(TARGET_NAME)";
				SWIFT_VERSION = 5.0;
				TARGETED_DEVICE_FAMILY = "1,2";
				TEST_HOST = "$(BUILT_PRODUCTS_DIR)/Parstagram.app/Parstagram";
			};
			name = Debug;
		};
		90FDE3172403612600F03B45 /* Release */ = {
			isa = XCBuildConfiguration;
			baseConfigurationReference = B7265D0C2E3117E5CE4B4322 /* Pods-ParstagramTests.release.xcconfig */;
			buildSettings = {
				ALWAYS_EMBED_SWIFT_STANDARD_LIBRARIES = YES;
				BUNDLE_LOADER = "$(TEST_HOST)";
				CODE_SIGN_STYLE = Automatic;
				DEVELOPMENT_TEAM = 34ZF7PZU7N;
				INFOPLIST_FILE = ParstagramTests/Info.plist;
				IPHONEOS_DEPLOYMENT_TARGET = 13.2;
				LD_RUNPATH_SEARCH_PATHS = (
					"$(inherited)",
					"@executable_path/Frameworks",
					"@loader_path/Frameworks",
				);
				PRODUCT_BUNDLE_IDENTIFIER = com.CodePath.ParstagramTests;
				PRODUCT_NAME = "$(TARGET_NAME)";
				SWIFT_VERSION = 5.0;
				TARGETED_DEVICE_FAMILY = "1,2";
				TEST_HOST = "$(BUILT_PRODUCTS_DIR)/Parstagram.app/Parstagram";
			};
			name = Release;
		};
		90FDE3192403612600F03B45 /* Debug */ = {
			isa = XCBuildConfiguration;
			baseConfigurationReference = 16BB6206CEBA7BEBA34BB1E1 /* Pods-Parstagram-ParstagramUITests.debug.xcconfig */;
			buildSettings = {
				ALWAYS_EMBED_SWIFT_STANDARD_LIBRARIES = YES;
				CODE_SIGN_STYLE = Automatic;
				DEVELOPMENT_TEAM = 34ZF7PZU7N;
				INFOPLIST_FILE = ParstagramUITests/Info.plist;
				LD_RUNPATH_SEARCH_PATHS = (
					"$(inherited)",
					"@executable_path/Frameworks",
					"@loader_path/Frameworks",
				);
				PRODUCT_BUNDLE_IDENTIFIER = com.CodePath.ParstagramUITests;
				PRODUCT_NAME = "$(TARGET_NAME)";
				SWIFT_VERSION = 5.0;
				TARGETED_DEVICE_FAMILY = "1,2";
				TEST_TARGET_NAME = Parstagram;
			};
			name = Debug;
		};
		90FDE31A2403612600F03B45 /* Release */ = {
			isa = XCBuildConfiguration;
			baseConfigurationReference = 89D850FB77E754056887D00B /* Pods-Parstagram-ParstagramUITests.release.xcconfig */;
			buildSettings = {
				ALWAYS_EMBED_SWIFT_STANDARD_LIBRARIES = YES;
				CODE_SIGN_STYLE = Automatic;
				DEVELOPMENT_TEAM = 34ZF7PZU7N;
				INFOPLIST_FILE = ParstagramUITests/Info.plist;
				LD_RUNPATH_SEARCH_PATHS = (
					"$(inherited)",
					"@executable_path/Frameworks",
					"@loader_path/Frameworks",
				);
				PRODUCT_BUNDLE_IDENTIFIER = com.CodePath.ParstagramUITests;
				PRODUCT_NAME = "$(TARGET_NAME)";
				SWIFT_VERSION = 5.0;
				TARGETED_DEVICE_FAMILY = "1,2";
				TEST_TARGET_NAME = Parstagram;
			};
			name = Release;
		};
/* End XCBuildConfiguration section */

/* Begin XCConfigurationList section */
		90FDE2E32403612300F03B45 /* Build configuration list for PBXProject "Parstagram" */ = {
			isa = XCConfigurationList;
			buildConfigurations = (
				90FDE3102403612600F03B45 /* Debug */,
				90FDE3112403612600F03B45 /* Release */,
			);
			defaultConfigurationIsVisible = 0;
			defaultConfigurationName = Release;
		};
		90FDE3122403612600F03B45 /* Build configuration list for PBXNativeTarget "Parstagram" */ = {
			isa = XCConfigurationList;
			buildConfigurations = (
				90FDE3132403612600F03B45 /* Debug */,
				90FDE3142403612600F03B45 /* Release */,
			);
			defaultConfigurationIsVisible = 0;
			defaultConfigurationName = Release;
		};
		90FDE3152403612600F03B45 /* Build configuration list for PBXNativeTarget "ParstagramTests" */ = {
			isa = XCConfigurationList;
			buildConfigurations = (
				90FDE3162403612600F03B45 /* Debug */,
				90FDE3172403612600F03B45 /* Release */,
			);
			defaultConfigurationIsVisible = 0;
			defaultConfigurationName = Release;
		};
		90FDE3182403612600F03B45 /* Build configuration list for PBXNativeTarget "ParstagramUITests" */ = {
			isa = XCConfigurationList;
			buildConfigurations = (
				90FDE3192403612600F03B45 /* Debug */,
				90FDE31A2403612600F03B45 /* Release */,
			);
			defaultConfigurationIsVisible = 0;
			defaultConfigurationName = Release;
		};
/* End XCConfigurationList section */
	};
	rootObject = 90FDE2E02403612300F03B45 /* Project object */;
}
